// !$*UTF8*$!
{
	archiveVersion = 1;
	classes = {
	};
	objectVersion = 46;
	objects = {

/* Begin PBXBuildFile section */
		4A241BCF1ADDBA9400A688F8 /* Shape.swift in Sources */ = {isa = PBXBuildFile; fileRef = 4A241BCE1ADDBA9400A688F8 /* Shape.swift */; };
		4A7C75671AD3606F0085553E /* AppDelegate.swift in Sources */ = {isa = PBXBuildFile; fileRef = 4A7C75661AD3606F0085553E /* AppDelegate.swift */; };
		4A7C75691AD3606F0085553E /* SketchViewController.swift in Sources */ = {isa = PBXBuildFile; fileRef = 4A7C75681AD3606F0085553E /* SketchViewController.swift */; };
		4A7C756B1AD3606F0085553E /* ExtrudeViewController.swift in Sources */ = {isa = PBXBuildFile; fileRef = 4A7C756A1AD3606F0085553E /* ExtrudeViewController.swift */; };
		4A7C756E1AD3606F0085553E /* Main.storyboard in Resources */ = {isa = PBXBuildFile; fileRef = 4A7C756C1AD3606F0085553E /* Main.storyboard */; };
		4A7C75701AD3606F0085553E /* Images.xcassets in Resources */ = {isa = PBXBuildFile; fileRef = 4A7C756F1AD3606F0085553E /* Images.xcassets */; };
		4A7C75731AD3606F0085553E /* LaunchScreen.xib in Resources */ = {isa = PBXBuildFile; fileRef = 4A7C75711AD3606F0085553E /* LaunchScreen.xib */; };
		4A7C757F1AD3606F0085553E /* Square3Tests.swift in Sources */ = {isa = PBXBuildFile; fileRef = 4A7C757E1AD3606F0085553E /* Square3Tests.swift */; };
		4AE0B6F01AD368B1002E6AF2 /* demosketch.png in Resources */ = {isa = PBXBuildFile; fileRef = 4AE0B6EF1AD368B1002E6AF2 /* demosketch.png */; };
/* End PBXBuildFile section */

/* Begin PBXContainerItemProxy section */
		4A7C75791AD3606F0085553E /* PBXContainerItemProxy */ = {
			isa = PBXContainerItemProxy;
			containerPortal = 4A7C75591AD3606F0085553E /* Project object */;
			proxyType = 1;
			remoteGlobalIDString = 4A7C75601AD3606F0085553E;
			remoteInfo = Square3;
		};
/* End PBXContainerItemProxy section */

/* Begin PBXFileReference section */
		4A241BCE1ADDBA9400A688F8 /* Shape.swift */ = {isa = PBXFileReference; fileEncoding = 4; lastKnownFileType = sourcecode.swift; path = Shape.swift; sourceTree = "<group>"; };
		4A7C75611AD3606F0085553E /* Square3.app */ = {isa = PBXFileReference; explicitFileType = wrapper.application; includeInIndex = 0; path = Square3.app; sourceTree = BUILT_PRODUCTS_DIR; };
		4A7C75651AD3606F0085553E /* Info.plist */ = {isa = PBXFileReference; lastKnownFileType = text.plist.xml; path = Info.plist; sourceTree = "<group>"; };
		4A7C75661AD3606F0085553E /* AppDelegate.swift */ = {isa = PBXFileReference; lastKnownFileType = sourcecode.swift; path = AppDelegate.swift; sourceTree = "<group>"; };
		4A7C75681AD3606F0085553E /* SketchViewController.swift */ = {isa = PBXFileReference; lastKnownFileType = sourcecode.swift; path = SketchViewController.swift; sourceTree = "<group>"; };
		4A7C756A1AD3606F0085553E /* ExtrudeViewController.swift */ = {isa = PBXFileReference; lastKnownFileType = sourcecode.swift; path = ExtrudeViewController.swift; sourceTree = "<group>"; };
		4A7C756D1AD3606F0085553E /* Base */ = {isa = PBXFileReference; lastKnownFileType = file.storyboard; name = Base; path = Base.lproj/Main.storyboard; sourceTree = "<group>"; };
		4A7C756F1AD3606F0085553E /* Images.xcassets */ = {isa = PBXFileReference; lastKnownFileType = folder.assetcatalog; path = Images.xcassets; sourceTree = "<group>"; };
		4A7C75721AD3606F0085553E /* Base */ = {isa = PBXFileReference; lastKnownFileType = file.xib; name = Base; path = Base.lproj/LaunchScreen.xib; sourceTree = "<group>"; };
		4A7C75781AD3606F0085553E /* Square3Tests.xctest */ = {isa = PBXFileReference; explicitFileType = wrapper.cfbundle; includeInIndex = 0; path = Square3Tests.xctest; sourceTree = BUILT_PRODUCTS_DIR; };
		4A7C757D1AD3606F0085553E /* Info.plist */ = {isa = PBXFileReference; lastKnownFileType = text.plist.xml; path = Info.plist; sourceTree = "<group>"; };
		4A7C757E1AD3606F0085553E /* Square3Tests.swift */ = {isa = PBXFileReference; lastKnownFileType = sourcecode.swift; path = Square3Tests.swift; sourceTree = "<group>"; };
		4AE0B6EF1AD368B1002E6AF2 /* demosketch.png */ = {isa = PBXFileReference; lastKnownFileType = image.png; path = demosketch.png; sourceTree = "<group>"; };
/* End PBXFileReference section */

/* Begin PBXFrameworksBuildPhase section */
		4A7C755E1AD3606F0085553E /* Frameworks */ = {
			isa = PBXFrameworksBuildPhase;
			buildActionMask = 2147483647;
			files = (
			);
			runOnlyForDeploymentPostprocessing = 0;
		};
		4A7C75751AD3606F0085553E /* Frameworks */ = {
			isa = PBXFrameworksBuildPhase;
			buildActionMask = 2147483647;
			files = (
			);
			runOnlyForDeploymentPostprocessing = 0;
		};
/* End PBXFrameworksBuildPhase section */

/* Begin PBXGroup section */
		4A7C75581AD3606F0085553E = {
			isa = PBXGroup;
			children = (
				4A7C75631AD3606F0085553E /* Square3 */,
				4A7C757B1AD3606F0085553E /* Square3Tests */,
				4A7C75621AD3606F0085553E /* Products */,
			);
			sourceTree = "<group>";
		};
		4A7C75621AD3606F0085553E /* Products */ = {
			isa = PBXGroup;
			children = (
				4A7C75611AD3606F0085553E /* Square3.app */,
				4A7C75781AD3606F0085553E /* Square3Tests.xctest */,
			);
			name = Products;
			sourceTree = "<group>";
		};
		4A7C75631AD3606F0085553E /* Square3 */ = {
			isa = PBXGroup;
			children = (
				4A7C75661AD3606F0085553E /* AppDelegate.swift */,
				4A7C75681AD3606F0085553E /* SketchViewController.swift */,
				4A7C756A1AD3606F0085553E /* ExtrudeViewController.swift */,
				4A241BCE1ADDBA9400A688F8 /* Shape.swift */,
				4A7C756C1AD3606F0085553E /* Main.storyboard */,
				4A7C756F1AD3606F0085553E /* Images.xcassets */,
				4A7C75711AD3606F0085553E /* LaunchScreen.xib */,
				4A7C75641AD3606F0085553E /* Supporting Files */,
			);
			path = Square3;
			sourceTree = "<group>";
		};
		4A7C75641AD3606F0085553E /* Supporting Files */ = {
			isa = PBXGroup;
			children = (
				4AE0B6EF1AD368B1002E6AF2 /* demosketch.png */,
				4A7C75651AD3606F0085553E /* Info.plist */,
			);
			name = "Supporting Files";
			sourceTree = "<group>";
		};
		4A7C757B1AD3606F0085553E /* Square3Tests */ = {
			isa = PBXGroup;
			children = (
				4A7C757E1AD3606F0085553E /* Square3Tests.swift */,
				4A7C757C1AD3606F0085553E /* Supporting Files */,
			);
			path = Square3Tests;
			sourceTree = "<group>";
		};
		4A7C757C1AD3606F0085553E /* Supporting Files */ = {
			isa = PBXGroup;
			children = (
				4A7C757D1AD3606F0085553E /* Info.plist */,
			);
			name = "Supporting Files";
			sourceTree = "<group>";
		};
/* End PBXGroup section */

/* Begin PBXNativeTarget section */
		4A7C75601AD3606F0085553E /* Square3 */ = {
			isa = PBXNativeTarget;
			buildConfigurationList = 4A7C75821AD3606F0085553E /* Build configuration list for PBXNativeTarget "Square3" */;
			buildPhases = (
				4A7C755D1AD3606F0085553E /* Sources */,
				4A7C755E1AD3606F0085553E /* Frameworks */,
				4A7C755F1AD3606F0085553E /* Resources */,
			);
			buildRules = (
			);
			dependencies = (
			);
			name = Square3;
			productName = Square3;
			productReference = 4A7C75611AD3606F0085553E /* Square3.app */;
			productType = "com.apple.product-type.application";
		};
		4A7C75771AD3606F0085553E /* Square3Tests */ = {
			isa = PBXNativeTarget;
			buildConfigurationList = 4A7C75851AD3606F0085553E /* Build configuration list for PBXNativeTarget "Square3Tests" */;
			buildPhases = (
				4A7C75741AD3606F0085553E /* Sources */,
				4A7C75751AD3606F0085553E /* Frameworks */,
				4A7C75761AD3606F0085553E /* Resources */,
			);
			buildRules = (
			);
			dependencies = (
				4A7C757A1AD3606F0085553E /* PBXTargetDependency */,
			);
			name = Square3Tests;
			productName = Square3Tests;
			productReference = 4A7C75781AD3606F0085553E /* Square3Tests.xctest */;
			productType = "com.apple.product-type.bundle.unit-test";
		};
/* End PBXNativeTarget section */

/* Begin PBXProject section */
		4A7C75591AD3606F0085553E /* Project object */ = {
			isa = PBXProject;
			attributes = {
				LastUpgradeCheck = 0630;
				ORGANIZATIONNAME = CPSC479;
				TargetAttributes = {
					4A7C75601AD3606F0085553E = {
						CreatedOnToolsVersion = 6.3;
						DevelopmentTeam = B5TXHQBF3Z;
					};
					4A7C75771AD3606F0085553E = {
						CreatedOnToolsVersion = 6.3;
						TestTargetID = 4A7C75601AD3606F0085553E;
					};
				};
			};
			buildConfigurationList = 4A7C755C1AD3606F0085553E /* Build configuration list for PBXProject "Square3" */;
			compatibilityVersion = "Xcode 3.2";
			developmentRegion = English;
			hasScannedForEncodings = 0;
			knownRegions = (
				en,
				Base,
			);
			mainGroup = 4A7C75581AD3606F0085553E;
			productRefGroup = 4A7C75621AD3606F0085553E /* Products */;
			projectDirPath = "";
			projectRoot = "";
			targets = (
				4A7C75601AD3606F0085553E /* Square3 */,
				4A7C75771AD3606F0085553E /* Square3Tests */,
			);
		};
/* End PBXProject section */

/* Begin PBXResourcesBuildPhase section */
		4A7C755F1AD3606F0085553E /* Resources */ = {
			isa = PBXResourcesBuildPhase;
			buildActionMask = 2147483647;
			files = (
				4AE0B6F01AD368B1002E6AF2 /* demosketch.png in Resources */,
				4A7C756E1AD3606F0085553E /* Main.storyboard in Resources */,
				4A7C75731AD3606F0085553E /* LaunchScreen.xib in Resources */,
				4A7C75701AD3606F0085553E /* Images.xcassets in Resources */,
			);
			runOnlyForDeploymentPostprocessing = 0;
		};
		4A7C75761AD3606F0085553E /* Resources */ = {
			isa = PBXResourcesBuildPhase;
			buildActionMask = 2147483647;
			files = (
			);
			runOnlyForDeploymentPostprocessing = 0;
		};
/* End PBXResourcesBuildPhase section */

/* Begin PBXSourcesBuildPhase section */
		4A7C755D1AD3606F0085553E /* Sources */ = {
			isa = PBXSourcesBuildPhase;
			buildActionMask = 2147483647;
			files = (
				4A7C756B1AD3606F0085553E /* ExtrudeViewController.swift in Sources */,
				4A7C75671AD3606F0085553E /* AppDelegate.swift in Sources */,
				4A7C75691AD3606F0085553E /* SketchViewController.swift in Sources */,
				4A241BCF1ADDBA9400A688F8 /* Shape.swift in Sources */,
			);
			runOnlyForDeploymentPostprocessing = 0;
		};
		4A7C75741AD3606F0085553E /* Sources */ = {
			isa = PBXSourcesBuildPhase;
			buildActionMask = 2147483647;
			files = (
				4A7C757F1AD3606F0085553E /* Square3Tests.swift in Sources */,
			);
			runOnlyForDeploymentPostprocessing = 0;
		};
/* End PBXSourcesBuildPhase section */

/* Begin PBXTargetDependency section */
		4A7C757A1AD3606F0085553E /* PBXTargetDependency */ = {
			isa = PBXTargetDependency;
			target = 4A7C75601AD3606F0085553E /* Square3 */;
			targetProxy = 4A7C75791AD3606F0085553E /* PBXContainerItemProxy */;
		};
/* End PBXTargetDependency section */

/* Begin PBXVariantGroup section */
		4A7C756C1AD3606F0085553E /* Main.storyboard */ = {
			isa = PBXVariantGroup;
			children = (
				4A7C756D1AD3606F0085553E /* Base */,
			);
			name = Main.storyboard;
			sourceTree = "<group>";
		};
		4A7C75711AD3606F0085553E /* LaunchScreen.xib */ = {
			isa = PBXVariantGroup;
			children = (
				4A7C75721AD3606F0085553E /* Base */,
			);
			name = LaunchScreen.xib;
			sourceTree = "<group>";
		};
/* End PBXVariantGroup section */

/* Begin XCBuildConfiguration section */
		4A7C75801AD3606F0085553E /* Debug */ = {
			isa = XCBuildConfiguration;
			buildSettings = {
				ALWAYS_SEARCH_USER_PATHS = NO;
				CLANG_CXX_LANGUAGE_STANDARD = "gnu++0x";
				CLANG_CXX_LIBRARY = "libc++";
				CLANG_ENABLE_MODULES = YES;
				CLANG_ENABLE_OBJC_ARC = YES;
				CLANG_WARN_BOOL_CONVERSION = YES;
				CLANG_WARN_CONSTANT_CONVERSION = YES;
				CLANG_WARN_DIRECT_OBJC_ISA_USAGE = YES_ERROR;
				CLANG_WARN_EMPTY_BODY = YES;
				CLANG_WARN_ENUM_CONVERSION = YES;
				CLANG_WARN_INT_CONVERSION = YES;
				CLANG_WARN_OBJC_ROOT_CLASS = YES_ERROR;
				CLANG_WARN_UNREACHABLE_CODE = YES;
				CLANG_WARN__DUPLICATE_METHOD_MATCH = YES;
				"CODE_SIGN_IDENTITY[sdk=iphoneos*]" = "iPhone Developer";
				COPY_PHASE_STRIP = NO;
				DEBUG_INFORMATION_FORMAT = "dwarf-with-dsym";
				ENABLE_STRICT_OBJC_MSGSEND = YES;
				GCC_C_LANGUAGE_STANDARD = gnu99;
				GCC_DYNAMIC_NO_PIC = NO;
				GCC_NO_COMMON_BLOCKS = YES;
				GCC_OPTIMIZATION_LEVEL = 0;
				GCC_PREPROCESSOR_DEFINITIONS = (
					"DEBUG=1",
					"$(inherited)",
				);
				GCC_SYMBOLS_PRIVATE_EXTERN = NO;
				GCC_WARN_64_TO_32_BIT_CONVERSION = YES;
				GCC_WARN_ABOUT_RETURN_TYPE = YES_ERROR;
				GCC_WARN_UNDECLARED_SELECTOR = YES;
				GCC_WARN_UNINITIALIZED_AUTOS = YES_AGGRESSIVE;
				GCC_WARN_UNUSED_FUNCTION = YES;
				GCC_WARN_UNUSED_VARIABLE = YES;
				IPHONEOS_DEPLOYMENT_TARGET = 8.3;
				MTL_ENABLE_DEBUG_INFO = YES;
				ONLY_ACTIVE_ARCH = YES;
				SDKROOT = iphoneos;
				SWIFT_OPTIMIZATION_LEVEL = "-Onone";
				TARGETED_DEVICE_FAMILY = "1,2";
			};
			name = Debug;
		};
		4A7C75811AD3606F0085553E /* Release */ = {
			isa = XCBuildConfiguration;
			buildSettings = {
				ALWAYS_SEARCH_USER_PATHS = NO;
				CLANG_CXX_LANGUAGE_STANDARD = "gnu++0x";
				CLANG_CXX_LIBRARY = "libc++";
				CLANG_ENABLE_MODULES = YES;
				CLANG_ENABLE_OBJC_ARC = YES;
				CLANG_WARN_BOOL_CONVERSION = YES;
				CLANG_WARN_CONSTANT_CONVERSION = YES;
				CLANG_WARN_DIRECT_OBJC_ISA_USAGE = YES_ERROR;
				CLANG_WARN_EMPTY_BODY = YES;
				CLANG_WARN_ENUM_CONVERSION = YES;
				CLANG_WARN_INT_CONVERSION = YES;
				CLANG_WARN_OBJC_ROOT_CLASS = YES_ERROR;
				CLANG_WARN_UNREACHABLE_CODE = YES;
				CLANG_WARN__DUPLICATE_METHOD_MATCH = YES;
				"CODE_SIGN_IDENTITY[sdk=iphoneos*]" = "iPhone Developer";
				COPY_PHASE_STRIP = NO;
				DEBUG_INFORMATION_FORMAT = "dwarf-with-dsym";
				ENABLE_NS_ASSERTIONS = NO;
				ENABLE_STRICT_OBJC_MSGSEND = YES;
				GCC_C_LANGUAGE_STANDARD = gnu99;
				GCC_NO_COMMON_BLOCKS = YES;
				GCC_WARN_64_TO_32_BIT_CONVERSION = YES;
				GCC_WARN_ABOUT_RETURN_TYPE = YES_ERROR;
				GCC_WARN_UNDECLARED_SELECTOR = YES;
				GCC_WARN_UNINITIALIZED_AUTOS = YES_AGGRESSIVE;
				GCC_WARN_UNUSED_FUNCTION = YES;
				GCC_WARN_UNUSED_VARIABLE = YES;
				IPHONEOS_DEPLOYMENT_TARGET = 8.3;
				MTL_ENABLE_DEBUG_INFO = NO;
				SDKROOT = iphoneos;
				TARGETED_DEVICE_FAMILY = "1,2";
				VALIDATE_PRODUCT = YES;
			};
			name = Release;
		};
		4A7C75831AD3606F0085553E /* Debug */ = {
			isa = XCBuildConfiguration;
			buildSettings = {
				ASSETCATALOG_COMPILER_APPICON_NAME = AppIcon;
				CODE_SIGN_IDENTITY = "iPhone Developer";
				INFOPLIST_FILE = Square3/Info.plist;
				IPHONEOS_DEPLOYMENT_TARGET = 8.0;
				LD_RUNPATH_SEARCH_PATHS = "$(inherited) @executable_path/Frameworks";
				PRODUCT_NAME = "$(TARGET_NAME)";
			};
			name = Debug;
		};
		4A7C75841AD3606F0085553E /* Release */ = {
			isa = XCBuildConfiguration;
			buildSettings = {
				ASSETCATALOG_COMPILER_APPICON_NAME = AppIcon;
				CODE_SIGN_IDENTITY = "iPhone Developer";
				INFOPLIST_FILE = Square3/Info.plist;
				IPHONEOS_DEPLOYMENT_TARGET = 8.0;
				LD_RUNPATH_SEARCH_PATHS = "$(inherited) @executable_path/Frameworks";
				PRODUCT_NAME = "$(TARGET_NAME)";
			};
			name = Release;
		};
		4A7C75861AD3606F0085553E /* Debug */ = {
			isa = XCBuildConfiguration;
			buildSettings = {
				BUNDLE_LOADER = "$(TEST_HOST)";
				FRAMEWORK_SEARCH_PATHS = (
					"$(SDKROOT)/Developer/Library/Frameworks",
					"$(inherited)",
				);
				GCC_PREPROCESSOR_DEFINITIONS = (
					"DEBUG=1",
					"$(inherited)",
				);
				INFOPLIST_FILE = Square3Tests/Info.plist;
				LD_RUNPATH_SEARCH_PATHS = "$(inherited) @executable_path/Frameworks @loader_path/Frameworks";
				PRODUCT_NAME = "$(TARGET_NAME)";
				TEST_HOST = "$(BUILT_PRODUCTS_DIR)/Square3.app/Square3";
			};
			name = Debug;
		};
		4A7C75871AD3606F0085553E /* Release */ = {
			isa = XCBuildConfiguration;
			buildSettings = {
				BUNDLE_LOADER = "$(TEST_HOST)";
				FRAMEWORK_SEARCH_PATHS = (
					"$(SDKROOT)/Developer/Library/Frameworks",
					"$(inherited)",
				);
				INFOPLIST_FILE = Square3Tests/Info.plist;
				LD_RUNPATH_SEARCH_PATHS = "$(inherited) @executable_path/Frameworks @loader_path/Frameworks";
				PRODUCT_NAME = "$(TARGET_NAME)";
				TEST_HOST = "$(BUILT_PRODUCTS_DIR)/Square3.app/Square3";
			};
			name = Release;
		};
/* End XCBuildConfiguration section */

/* Begin XCConfigurationList section */
		4A7C755C1AD3606F0085553E /* Build configuration list for PBXProject "Square3" */ = {
			isa = XCConfigurationList;
			buildConfigurations = (
				4A7C75801AD3606F0085553E /* Debug */,
				4A7C75811AD3606F0085553E /* Release */,
			);
			defaultConfigurationIsVisible = 0;
			defaultConfigurationName = Release;
		};
		4A7C75821AD3606F0085553E /* Build configuration list for PBXNativeTarget "Square3" */ = {
			isa = XCConfigurationList;
			buildConfigurations = (
				4A7C75831AD3606F0085553E /* Debug */,
				4A7C75841AD3606F0085553E /* Release */,
			);
			defaultConfigurationIsVisible = 0;
			defaultConfigurationName = Release;
		};
		4A7C75851AD3606F0085553E /* Build configuration list for PBXNativeTarget "Square3Tests" */ = {
			isa = XCConfigurationList;
			buildConfigurations = (
				4A7C75861AD3606F0085553E /* Debug */,
				4A7C75871AD3606F0085553E /* Release */,
			);
			defaultConfigurationIsVisible = 0;
			defaultConfigurationName = Release;
		};
/* End XCConfigurationList section */
	};
	rootObject = 4A7C75591AD3606F0085553E /* Project object */;
}
