// !$*UTF8*$!
{
	archiveVersion = 1;
	classes = {
	};
	objectVersion = 46;
	objects = {

/* Begin PBXBuildFile section */
		4AABFA0D1AEEBF610002817B /* main.m in Sources */ = {isa = PBXBuildFile; fileRef = 4AABFA0C1AEEBF610002817B /* main.m */; };
		4AABFA101AEEBF610002817B /* AppDelegate.m in Sources */ = {isa = PBXBuildFile; fileRef = 4AABFA0F1AEEBF610002817B /* AppDelegate.m */; };
		4AABFA131AEEBF610002817B /* SketchViewController.m in Sources */ = {isa = PBXBuildFile; fileRef = 4AABFA121AEEBF610002817B /* SketchViewController.m */; };
		4AABFA161AEEBF610002817B /* ExtrudeViewController.m in Sources */ = {isa = PBXBuildFile; fileRef = 4AABFA151AEEBF610002817B /* ExtrudeViewController.m */; };
		4AABFA1B1AEEBF610002817B /* Images.xcassets in Resources */ = {isa = PBXBuildFile; fileRef = 4AABFA1A1AEEBF610002817B /* Images.xcassets */; };
		4AABFA2A1AEEBF620002817B /* Square3Tests.m in Sources */ = {isa = PBXBuildFile; fileRef = 4AABFA291AEEBF620002817B /* Square3Tests.m */; };
		4AABFA351AEEBFA40002817B /* LaunchScreen.xib in Resources */ = {isa = PBXBuildFile; fileRef = 4AABFA331AEEBFA40002817B /* LaunchScreen.xib */; };
		4AABFA361AEEBFA40002817B /* Main.storyboard in Resources */ = {isa = PBXBuildFile; fileRef = 4AABFA341AEEBFA40002817B /* Main.storyboard */; };
		4AABFA391AEEC0850002817B /* Shape.m in Sources */ = {isa = PBXBuildFile; fileRef = 4AABFA381AEEC0850002817B /* Shape.m */; };
		4AABFA3C1AEEC1D50002817B /* Data.m in Sources */ = {isa = PBXBuildFile; fileRef = 4AABFA3B1AEEC1D50002817B /* Data.m */; };
/* End PBXBuildFile section */

/* Begin PBXContainerItemProxy section */
		4AABFA241AEEBF620002817B /* PBXContainerItemProxy */ = {
			isa = PBXContainerItemProxy;
			containerPortal = 4AABF9FF1AEEBF610002817B /* Project object */;
			proxyType = 1;
			remoteGlobalIDString = 4AABFA061AEEBF610002817B;
			remoteInfo = Square3;
		};
/* End PBXContainerItemProxy section */

/* Begin PBXFileReference section */
		4AABFA071AEEBF610002817B /* Square3.app */ = {isa = PBXFileReference; explicitFileType = wrapper.application; includeInIndex = 0; path = Square3.app; sourceTree = BUILT_PRODUCTS_DIR; };
		4AABFA0B1AEEBF610002817B /* Info.plist */ = {isa = PBXFileReference; lastKnownFileType = text.plist.xml; path = Info.plist; sourceTree = "<group>"; };
		4AABFA0C1AEEBF610002817B /* main.m */ = {isa = PBXFileReference; lastKnownFileType = sourcecode.c.objc; path = main.m; sourceTree = "<group>"; };
		4AABFA0E1AEEBF610002817B /* AppDelegate.h */ = {isa = PBXFileReference; lastKnownFileType = sourcecode.c.h; path = AppDelegate.h; sourceTree = "<group>"; };
		4AABFA0F1AEEBF610002817B /* AppDelegate.m */ = {isa = PBXFileReference; lastKnownFileType = sourcecode.c.objc; path = AppDelegate.m; sourceTree = "<group>"; };
		4AABFA111AEEBF610002817B /* SketchViewController.h */ = {isa = PBXFileReference; lastKnownFileType = sourcecode.c.h; path = SketchViewController.h; sourceTree = "<group>"; };
		4AABFA121AEEBF610002817B /* SketchViewController.m */ = {isa = PBXFileReference; lastKnownFileType = sourcecode.c.objc; path = SketchViewController.m; sourceTree = "<group>"; };
		4AABFA141AEEBF610002817B /* ExtrudeViewController.h */ = {isa = PBXFileReference; lastKnownFileType = sourcecode.c.h; path = ExtrudeViewController.h; sourceTree = "<group>"; };
		4AABFA151AEEBF610002817B /* ExtrudeViewController.m */ = {isa = PBXFileReference; lastKnownFileType = sourcecode.c.objc; path = ExtrudeViewController.m; sourceTree = "<group>"; };
		4AABFA1A1AEEBF610002817B /* Images.xcassets */ = {isa = PBXFileReference; lastKnownFileType = folder.assetcatalog; path = Images.xcassets; sourceTree = "<group>"; };
		4AABFA231AEEBF620002817B /* Square3Tests.xctest */ = {isa = PBXFileReference; explicitFileType = wrapper.cfbundle; includeInIndex = 0; path = Square3Tests.xctest; sourceTree = BUILT_PRODUCTS_DIR; };
		4AABFA281AEEBF620002817B /* Info.plist */ = {isa = PBXFileReference; lastKnownFileType = text.plist.xml; path = Info.plist; sourceTree = "<group>"; };
		4AABFA291AEEBF620002817B /* Square3Tests.m */ = {isa = PBXFileReference; lastKnownFileType = sourcecode.c.objc; path = Square3Tests.m; sourceTree = "<group>"; };
		4AABFA331AEEBFA40002817B /* LaunchScreen.xib */ = {isa = PBXFileReference; fileEncoding = 4; lastKnownFileType = file.xib; path = LaunchScreen.xib; sourceTree = "<group>"; };
		4AABFA341AEEBFA40002817B /* Main.storyboard */ = {isa = PBXFileReference; fileEncoding = 4; lastKnownFileType = file.storyboard; path = Main.storyboard; sourceTree = "<group>"; };
		4AABFA371AEEC0850002817B /* Shape.h */ = {isa = PBXFileReference; fileEncoding = 4; lastKnownFileType = sourcecode.c.h; path = Shape.h; sourceTree = "<group>"; };
		4AABFA381AEEC0850002817B /* Shape.m */ = {isa = PBXFileReference; fileEncoding = 4; lastKnownFileType = sourcecode.c.objc; path = Shape.m; sourceTree = "<group>"; };
		4AABFA3A1AEEC1D50002817B /* Data.h */ = {isa = PBXFileReference; fileEncoding = 4; lastKnownFileType = sourcecode.c.h; path = Data.h; sourceTree = "<group>"; };
		4AABFA3B1AEEC1D50002817B /* Data.m */ = {isa = PBXFileReference; fileEncoding = 4; lastKnownFileType = sourcecode.c.objc; path = Data.m; sourceTree = "<group>"; };
/* End PBXFileReference section */

/* Begin PBXFrameworksBuildPhase section */
		4AABFA041AEEBF610002817B /* Frameworks */ = {
			isa = PBXFrameworksBuildPhase;
			buildActionMask = 2147483647;
			files = (
			);
			runOnlyForDeploymentPostprocessing = 0;
		};
		4AABFA201AEEBF620002817B /* Frameworks */ = {
			isa = PBXFrameworksBuildPhase;
			buildActionMask = 2147483647;
			files = (
			);
			runOnlyForDeploymentPostprocessing = 0;
		};
/* End PBXFrameworksBuildPhase section */

/* Begin PBXGroup section */
		4AABF9FE1AEEBF610002817B = {
			isa = PBXGroup;
			children = (
				4AABFA091AEEBF610002817B /* Square3 */,
				4AABFA261AEEBF620002817B /* Square3Tests */,
				4AABFA081AEEBF610002817B /* Products */,
			);
			sourceTree = "<group>";
		};
		4AABFA081AEEBF610002817B /* Products */ = {
			isa = PBXGroup;
			children = (
				4AABFA071AEEBF610002817B /* Square3.app */,
				4AABFA231AEEBF620002817B /* Square3Tests.xctest */,
			);
			name = Products;
			sourceTree = "<group>";
		};
		4AABFA091AEEBF610002817B /* Square3 */ = {
			isa = PBXGroup;
			children = (
				4AABFA0E1AEEBF610002817B /* AppDelegate.h */,
				4AABFA0F1AEEBF610002817B /* AppDelegate.m */,
				4AABFA371AEEC0850002817B /* Shape.h */,
				4AABFA381AEEC0850002817B /* Shape.m */,
				4AABFA3A1AEEC1D50002817B /* Data.h */,
				4AABFA3B1AEEC1D50002817B /* Data.m */,
				4AABFA111AEEBF610002817B /* SketchViewController.h */,
				4AABFA121AEEBF610002817B /* SketchViewController.m */,
				4AABFA141AEEBF610002817B /* ExtrudeViewController.h */,
				4AABFA151AEEBF610002817B /* ExtrudeViewController.m */,
				4AABFA331AEEBFA40002817B /* LaunchScreen.xib */,
				4AABFA341AEEBFA40002817B /* Main.storyboard */,
				4AABFA1A1AEEBF610002817B /* Images.xcassets */,
				4AABFA0A1AEEBF610002817B /* Supporting Files */,
			);
			path = Square3;
			sourceTree = "<group>";
		};
		4AABFA0A1AEEBF610002817B /* Supporting Files */ = {
			isa = PBXGroup;
			children = (
				4AABFA0B1AEEBF610002817B /* Info.plist */,
				4AABFA0C1AEEBF610002817B /* main.m */,
			);
			name = "Supporting Files";
			sourceTree = "<group>";
		};
		4AABFA261AEEBF620002817B /* Square3Tests */ = {
			isa = PBXGroup;
			children = (
				4AABFA291AEEBF620002817B /* Square3Tests.m */,
				4AABFA271AEEBF620002817B /* Supporting Files */,
			);
			path = Square3Tests;
			sourceTree = "<group>";
		};
		4AABFA271AEEBF620002817B /* Supporting Files */ = {
			isa = PBXGroup;
			children = (
				4AABFA281AEEBF620002817B /* Info.plist */,
			);
			name = "Supporting Files";
			sourceTree = "<group>";
		};
/* End PBXGroup section */

/* Begin PBXNativeTarget section */
		4AABFA061AEEBF610002817B /* Square3 */ = {
			isa = PBXNativeTarget;
			buildConfigurationList = 4AABFA2D1AEEBF620002817B /* Build configuration list for PBXNativeTarget "Square3" */;
			buildPhases = (
				4AABFA031AEEBF610002817B /* Sources */,
				4AABFA041AEEBF610002817B /* Frameworks */,
				4AABFA051AEEBF610002817B /* Resources */,
			);
			buildRules = (
			);
			dependencies = (
			);
			name = Square3;
			productName = Square3;
			productReference = 4AABFA071AEEBF610002817B /* Square3.app */;
			productType = "com.apple.product-type.application";
		};
		4AABFA221AEEBF620002817B /* Square3Tests */ = {
			isa = PBXNativeTarget;
			buildConfigurationList = 4AABFA301AEEBF620002817B /* Build configuration list for PBXNativeTarget "Square3Tests" */;
			buildPhases = (
				4AABFA1F1AEEBF620002817B /* Sources */,
				4AABFA201AEEBF620002817B /* Frameworks */,
				4AABFA211AEEBF620002817B /* Resources */,
			);
			buildRules = (
			);
			dependencies = (
				4AABFA251AEEBF620002817B /* PBXTargetDependency */,
			);
			name = Square3Tests;
			productName = Square3Tests;
			productReference = 4AABFA231AEEBF620002817B /* Square3Tests.xctest */;
			productType = "com.apple.product-type.bundle.unit-test";
		};
/* End PBXNativeTarget section */

/* Begin PBXProject section */
		4AABF9FF1AEEBF610002817B /* Project object */ = {
			isa = PBXProject;
			attributes = {
				LastUpgradeCheck = 0630;
				ORGANIZATIONNAME = CPSC479;
				TargetAttributes = {
					4AABFA061AEEBF610002817B = {
						CreatedOnToolsVersion = 6.4;
					};
					4AABFA221AEEBF620002817B = {
						CreatedOnToolsVersion = 6.4;
						TestTargetID = 4AABFA061AEEBF610002817B;
					};
				};
			};
			buildConfigurationList = 4AABFA021AEEBF610002817B /* Build configuration list for PBXProject "Square3" */;
			compatibilityVersion = "Xcode 3.2";
			developmentRegion = English;
			hasScannedForEncodings = 0;
			knownRegions = (
				en,
				Base,
			);
			mainGroup = 4AABF9FE1AEEBF610002817B;
			productRefGroup = 4AABFA081AEEBF610002817B /* Products */;
			projectDirPath = "";
			projectRoot = "";
			targets = (
				4AABFA061AEEBF610002817B /* Square3 */,
				4AABFA221AEEBF620002817B /* Square3Tests */,
			);
		};
/* End PBXProject section */

/* Begin PBXResourcesBuildPhase section */
		4AABFA051AEEBF610002817B /* Resources */ = {
			isa = PBXResourcesBuildPhase;
			buildActionMask = 2147483647;
			files = (
				4AABFA361AEEBFA40002817B /* Main.storyboard in Resources */,
				4AABFA351AEEBFA40002817B /* LaunchScreen.xib in Resources */,
				4AABFA1B1AEEBF610002817B /* Images.xcassets in Resources */,
			);
			runOnlyForDeploymentPostprocessing = 0;
		};
		4AABFA211AEEBF620002817B /* Resources */ = {
			isa = PBXResourcesBuildPhase;
			buildActionMask = 2147483647;
			files = (
			);
			runOnlyForDeploymentPostprocessing = 0;
		};
/* End PBXResourcesBuildPhase section */

/* Begin PBXSourcesBuildPhase section */
		4AABFA031AEEBF610002817B /* Sources */ = {
			isa = PBXSourcesBuildPhase;
			buildActionMask = 2147483647;
			files = (
				4AABFA161AEEBF610002817B /* ExtrudeViewController.m in Sources */,
				4AABFA101AEEBF610002817B /* AppDelegate.m in Sources */,
				4AABFA391AEEC0850002817B /* Shape.m in Sources */,
				4AABFA131AEEBF610002817B /* SketchViewController.m in Sources */,
				4AABFA0D1AEEBF610002817B /* main.m in Sources */,
				4AABFA3C1AEEC1D50002817B /* Data.m in Sources */,
			);
			runOnlyForDeploymentPostprocessing = 0;
		};
		4AABFA1F1AEEBF620002817B /* Sources */ = {
			isa = PBXSourcesBuildPhase;
			buildActionMask = 2147483647;
			files = (
				4AABFA2A1AEEBF620002817B /* Square3Tests.m in Sources */,
			);
			runOnlyForDeploymentPostprocessing = 0;
		};
/* End PBXSourcesBuildPhase section */

/* Begin PBXTargetDependency section */
		4AABFA251AEEBF620002817B /* PBXTargetDependency */ = {
			isa = PBXTargetDependency;
			target = 4AABFA061AEEBF610002817B /* Square3 */;
			targetProxy = 4AABFA241AEEBF620002817B /* PBXContainerItemProxy */;
		};
/* End PBXTargetDependency section */

/* Begin XCBuildConfiguration section */
		4AABFA2B1AEEBF620002817B /* Debug */ = {
			isa = XCBuildConfiguration;
			buildSettings = {
				ALWAYS_SEARCH_USER_PATHS = NO;
				CLANG_CXX_LANGUAGE_STANDARD = "gnu++0x";
				CLANG_CXX_LIBRARY = "libc++";
				CLANG_ENABLE_MODULES = YES;
				CLANG_ENABLE_OBJC_ARC = YES;
				CLANG_WARN_BOOL_CONVERSION = YES;
				CLANG_WARN_CONSTANT_CONVERSION = YES;
				CLANG_WARN_DIRECT_OBJC_ISA_USAGE = YES_ERROR;
				CLANG_WARN_EMPTY_BODY = YES;
				CLANG_WARN_ENUM_CONVERSION = YES;
				CLANG_WARN_INT_CONVERSION = YES;
				CLANG_WARN_OBJC_ROOT_CLASS = YES_ERROR;
				CLANG_WARN_UNREACHABLE_CODE = YES;
				CLANG_WARN__DUPLICATE_METHOD_MATCH = YES;
				"CODE_SIGN_IDENTITY[sdk=iphoneos*]" = "iPhone Developer";
				COPY_PHASE_STRIP = NO;
				DEBUG_INFORMATION_FORMAT = "dwarf-with-dsym";
				ENABLE_STRICT_OBJC_MSGSEND = YES;
				GCC_C_LANGUAGE_STANDARD = gnu99;
				GCC_DYNAMIC_NO_PIC = NO;
				GCC_NO_COMMON_BLOCKS = YES;
				GCC_OPTIMIZATION_LEVEL = 0;
				GCC_PREPROCESSOR_DEFINITIONS = (
					"DEBUG=1",
					"$(inherited)",
				);
				GCC_SYMBOLS_PRIVATE_EXTERN = NO;
				GCC_WARN_64_TO_32_BIT_CONVERSION = YES;
				GCC_WARN_ABOUT_RETURN_TYPE = YES_ERROR;
				GCC_WARN_UNDECLARED_SELECTOR = YES;
				GCC_WARN_UNINITIALIZED_AUTOS = YES_AGGRESSIVE;
				GCC_WARN_UNUSED_FUNCTION = YES;
				GCC_WARN_UNUSED_VARIABLE = YES;
				IPHONEOS_DEPLOYMENT_TARGET = 8.4;
				MTL_ENABLE_DEBUG_INFO = YES;
				ONLY_ACTIVE_ARCH = YES;
				SDKROOT = iphoneos;
				TARGETED_DEVICE_FAMILY = "1,2";
			};
			name = Debug;
		};
		4AABFA2C1AEEBF620002817B /* Release */ = {
			isa = XCBuildConfiguration;
			buildSettings = {
				ALWAYS_SEARCH_USER_PATHS = NO;
				CLANG_CXX_LANGUAGE_STANDARD = "gnu++0x";
				CLANG_CXX_LIBRARY = "libc++";
				CLANG_ENABLE_MODULES = YES;
				CLANG_ENABLE_OBJC_ARC = YES;
				CLANG_WARN_BOOL_CONVERSION = YES;
				CLANG_WARN_CONSTANT_CONVERSION = YES;
				CLANG_WARN_DIRECT_OBJC_ISA_USAGE = YES_ERROR;
				CLANG_WARN_EMPTY_BODY = YES;
				CLANG_WARN_ENUM_CONVERSION = YES;
				CLANG_WARN_INT_CONVERSION = YES;
				CLANG_WARN_OBJC_ROOT_CLASS = YES_ERROR;
				CLANG_WARN_UNREACHABLE_CODE = YES;
				CLANG_WARN__DUPLICATE_METHOD_MATCH = YES;
				"CODE_SIGN_IDENTITY[sdk=iphoneos*]" = "iPhone Developer";
				COPY_PHASE_STRIP = NO;
				DEBUG_INFORMATION_FORMAT = "dwarf-with-dsym";
				ENABLE_NS_ASSERTIONS = NO;
				ENABLE_STRICT_OBJC_MSGSEND = YES;
				GCC_C_LANGUAGE_STANDARD = gnu99;
				GCC_NO_COMMON_BLOCKS = YES;
				GCC_WARN_64_TO_32_BIT_CONVERSION = YES;
				GCC_WARN_ABOUT_RETURN_TYPE = YES_ERROR;
				GCC_WARN_UNDECLARED_SELECTOR = YES;
				GCC_WARN_UNINITIALIZED_AUTOS = YES_AGGRESSIVE;
				GCC_WARN_UNUSED_FUNCTION = YES;
				GCC_WARN_UNUSED_VARIABLE = YES;
				IPHONEOS_DEPLOYMENT_TARGET = 8.4;
				MTL_ENABLE_DEBUG_INFO = NO;
				SDKROOT = iphoneos;
				TARGETED_DEVICE_FAMILY = "1,2";
				VALIDATE_PRODUCT = YES;
			};
			name = Release;
		};
		4AABFA2E1AEEBF620002817B /* Debug */ = {
			isa = XCBuildConfiguration;
			buildSettings = {
				ASSETCATALOG_COMPILER_APPICON_NAME = AppIcon;
				INFOPLIST_FILE = Square3/Info.plist;
				IPHONEOS_DEPLOYMENT_TARGET = 8.0;
				LD_RUNPATH_SEARCH_PATHS = "$(inherited) @executable_path/Frameworks";
				PRODUCT_NAME = "$(TARGET_NAME)";
			};
			name = Debug;
		};
		4AABFA2F1AEEBF620002817B /* Release */ = {
			isa = XCBuildConfiguration;
			buildSettings = {
				ASSETCATALOG_COMPILER_APPICON_NAME = AppIcon;
				INFOPLIST_FILE = Square3/Info.plist;
				IPHONEOS_DEPLOYMENT_TARGET = 8.0;
				LD_RUNPATH_SEARCH_PATHS = "$(inherited) @executable_path/Frameworks";
				PRODUCT_NAME = "$(TARGET_NAME)";
			};
			name = Release;
		};
		4AABFA311AEEBF620002817B /* Debug */ = {
			isa = XCBuildConfiguration;
			buildSettings = {
				BUNDLE_LOADER = "$(TEST_HOST)";
				FRAMEWORK_SEARCH_PATHS = (
					"$(SDKROOT)/Developer/Library/Frameworks",
					"$(inherited)",
				);
				GCC_PREPROCESSOR_DEFINITIONS = (
					"DEBUG=1",
					"$(inherited)",
				);
				INFOPLIST_FILE = Square3Tests/Info.plist;
				LD_RUNPATH_SEARCH_PATHS = "$(inherited) @executable_path/Frameworks @loader_path/Frameworks";
				PRODUCT_NAME = "$(TARGET_NAME)";
				TEST_HOST = "$(BUILT_PRODUCTS_DIR)/Square3.app/Square3";
			};
			name = Debug;
		};
		4AABFA321AEEBF620002817B /* Release */ = {
			isa = XCBuildConfiguration;
			buildSettings = {
				BUNDLE_LOADER = "$(TEST_HOST)";
				FRAMEWORK_SEARCH_PATHS = (
					"$(SDKROOT)/Developer/Library/Frameworks",
					"$(inherited)",
				);
				INFOPLIST_FILE = Square3Tests/Info.plist;
				LD_RUNPATH_SEARCH_PATHS = "$(inherited) @executable_path/Frameworks @loader_path/Frameworks";
				PRODUCT_NAME = "$(TARGET_NAME)";
				TEST_HOST = "$(BUILT_PRODUCTS_DIR)/Square3.app/Square3";
			};
			name = Release;
		};
/* End XCBuildConfiguration section */

/* Begin XCConfigurationList section */
		4AABFA021AEEBF610002817B /* Build configuration list for PBXProject "Square3" */ = {
			isa = XCConfigurationList;
			buildConfigurations = (
				4AABFA2B1AEEBF620002817B /* Debug */,
				4AABFA2C1AEEBF620002817B /* Release */,
			);
			defaultConfigurationIsVisible = 0;
			defaultConfigurationName = Release;
		};
		4AABFA2D1AEEBF620002817B /* Build configuration list for PBXNativeTarget "Square3" */ = {
			isa = XCConfigurationList;
			buildConfigurations = (
				4AABFA2E1AEEBF620002817B /* Debug */,
				4AABFA2F1AEEBF620002817B /* Release */,
			);
			defaultConfigurationIsVisible = 0;
			defaultConfigurationName = Release;
		};
		4AABFA301AEEBF620002817B /* Build configuration list for PBXNativeTarget "Square3Tests" */ = {
			isa = XCConfigurationList;
			buildConfigurations = (
				4AABFA311AEEBF620002817B /* Debug */,
				4AABFA321AEEBF620002817B /* Release */,
			);
			defaultConfigurationIsVisible = 0;
			defaultConfigurationName = Release;
		};
/* End XCConfigurationList section */
	};
	rootObject = 4AABF9FF1AEEBF610002817B /* Project object */;
}
